
Microsoft Visual Studio Solution File, Format Version 12.00
# Visual Studio 15
VisualStudioVersion = 15.0.28010.2041
MinimumVisualStudioVersion = 10.0.40219.1
Project("{FAE04EC0-301F-11D3-BF4B-00C04F79EFBC}") = "OnTapNow.Business", "OnTapNow.Business\OnTapNow.Business.csproj", "{62E13923-23AD-4260-B4F5-5E62F4198BE4}"
EndProject
Project("{FAE04EC0-301F-11D3-BF4B-00C04F79EFBC}") = "OnTapNow.ServicesIntegration", "OnTapNow.ServicesIntegration\OnTapNow.ServicesIntegration.csproj", "{DFB3B158-D05A-4D09-92EE-E27766B14666}"
EndProject
Project("{FAE04EC0-301F-11D3-BF4B-00C04F79EFBC}") = "OnTapNow.Services", "OnTapNow.Services\OnTapNow.Services.csproj", "{58A12C60-6290-43CB-AFF0-8BB97A26492D}"
EndProject
Project("{FAE04EC0-301F-11D3-BF4B-00C04F79EFBC}") = "OnTapNow.Website", "OnTapNow.Website\OnTapNow.Website.csproj", "{2E0283E4-FA22-4EB6-A1E3-C6507AAC53FA}"
EndProject
Global
	GlobalSection(SolutionConfigurationPlatforms) = preSolution
		Debug|Any CPU = Debug|Any CPU
		Release|Any CPU = Release|Any CPU
	EndGlobalSection
	GlobalSection(ProjectConfigurationPlatforms) = postSolution
		{62E13923-23AD-4260-B4F5-5E62F4198BE4}.Debug|Any CPU.ActiveCfg = Debug|Any CPU
		{62E13923-23AD-4260-B4F5-5E62F4198BE4}.Debug|Any CPU.Build.0 = Debug|Any CPU
		{62E13923-23AD-4260-B4F5-5E62F4198BE4}.Release|Any CPU.ActiveCfg = Release|Any CPU
		{62E13923-23AD-4260-B4F5-5E62F4198BE4}.Release|Any CPU.Build.0 = Release|Any CPU
		{DFB3B158-D05A-4D09-92EE-E27766B14666}.Debug|Any CPU.ActiveCfg = Debug|Any CPU
		{DFB3B158-D05A-4D09-92EE-E27766B14666}.Debug|Any CPU.Build.0 = Debug|Any CPU
		{DFB3B158-D05A-4D09-92EE-E27766B14666}.Release|Any CPU.ActiveCfg = Release|Any CPU
		{DFB3B158-D05A-4D09-92EE-E27766B14666}.Release|Any CPU.Build.0 = Release|Any CPU
		{58A12C60-6290-43CB-AFF0-8BB97A26492D}.Debug|Any CPU.ActiveCfg = Debug|Any CPU
		{58A12C60-6290-43CB-AFF0-8BB97A26492D}.Debug|Any CPU.Build.0 = Debug|Any CPU
		{58A12C60-6290-43CB-AFF0-8BB97A26492D}.Release|Any CPU.ActiveCfg = Release|Any CPU
		{58A12C60-6290-43CB-AFF0-8BB97A26492D}.Release|Any CPU.Build.0 = Release|Any CPU
		{2E0283E4-FA22-4EB6-A1E3-C6507AAC53FA}.Debug|Any CPU.ActiveCfg = Debug|Any CPU
		{2E0283E4-FA22-4EB6-A1E3-C6507AAC53FA}.Debug|Any CPU.Build.0 = Debug|Any CPU
		{2E0283E4-FA22-4EB6-A1E3-C6507AAC53FA}.Release|Any CPU.ActiveCfg = Release|Any CPU
		{2E0283E4-FA22-4EB6-A1E3-C6507AAC53FA}.Release|Any CPU.Build.0 = Release|Any CPU
	EndGlobalSection
	GlobalSection(SolutionProperties) = preSolution
		HideSolutionNode = FALSE
	EndGlobalSection
	GlobalSection(ExtensibilityGlobals) = postSolution
		SolutionGuid = {81593289-B8F3-460C-B1C4-8621428D7AD9}
	EndGlobalSection
EndGlobal
